
Microsoft Visual Studio Solution File, Format Version 12.00
# Visual Studio Version 16
VisualStudioVersion = 16.0.29102.190
MinimumVisualStudioVersion = 10.0.40219.1
Project("{FAE04EC0-301F-11D3-BF4B-00C04F79EFBC}") = "AbsbtractClass", "AbsbtractClass\AbsbtractClass.csproj", "{F81CF627-4F88-43B8-BFF8-91D37884312A}"
EndProject
Global
	GlobalSection(SolutionConfigurationPlatforms) = preSolution
		Debug|Any CPU = Debug|Any CPU
		Release|Any CPU = Release|Any CPU
	EndGlobalSection
	GlobalSection(ProjectConfigurationPlatforms) = postSolution
		{F81CF627-4F88-43B8-BFF8-91D37884312A}.Debug|Any CPU.ActiveCfg = Debug|Any CPU
		{F81CF627-4F88-43B8-BFF8-91D37884312A}.Debug|Any CPU.Build.0 = Debug|Any CPU
		{F81CF627-4F88-43B8-BFF8-91D37884312A}.Release|Any CPU.ActiveCfg = Release|Any CPU
		{F81CF627-4F88-43B8-BFF8-91D37884312A}.Release|Any CPU.Build.0 = Release|Any CPU
	EndGlobalSection
	GlobalSection(SolutionProperties) = preSolution
		HideSolutionNode = FALSE
	EndGlobalSection
	GlobalSection(ExtensibilityGlobals) = postSolution
		SolutionGuid = {8DB36ECF-F251-4EF3-AC24-860B4FA04E12}
	EndGlobalSection
EndGlobal
